
Microsoft Visual Studio Solution File, Format Version 12.00
# Visual Studio 15
VisualStudioVersion = 15.0.28307.705
MinimumVisualStudioVersion = 10.0.40219.1
Project("{FAE04EC0-301F-11D3-BF4B-00C04F79EFBC}") = "inheritance", "inheritance\inheritance.csproj", "{090A4678-DB24-452E-BAA9-AC4EB51FC083}"
EndProject
Project("{FAE04EC0-301F-11D3-BF4B-00C04F79EFBC}") = "Abstracte", "Abstracte\Abstracte.csproj", "{E9AA704F-75D5-48B8-91BB-4FA732A15230}"
EndProject
Project("{FAE04EC0-301F-11D3-BF4B-00C04F79EFBC}") = "Abstraction", "Abstraction\Abstraction.csproj", "{22400160-31A7-4F85-BD39-95A951684BB4}"
EndProject
Project("{FAE04EC0-301F-11D3-BF4B-00C04F79EFBC}") = "001_Abstraction", "001_Abstraction\001_Abstraction.csproj", "{1DF0C8AC-22C5-4C2B-9658-121B04A32AB9}"
EndProject
Project("{FAE04EC0-301F-11D3-BF4B-00C04F79EFBC}") = "Interface", "Interface\Interface.csproj", "{4D1609EB-3BDE-4F6D-93E2-180937B882FD}"
EndProject
Project("{FAE04EC0-301F-11D3-BF4B-00C04F79EFBC}") = "01-Interface", "01-Interface\01-Interface.csproj", "{38F71952-1876-4E73-B6C2-F4EDF2F633C0}"
EndProject
Project("{FAE04EC0-301F-11D3-BF4B-00C04F79EFBC}") = "02_Interface", "02_Interface\02_Interface.csproj", "{AA55147B-3EC7-4036-8DED-72DF8CB3DE54}"
EndProject
Project("{FAE04EC0-301F-11D3-BF4B-00C04F79EFBC}") = "03_Interface", "03_Interface\03_Interface.csproj", "{F8277CF4-22A9-483A-A6D0-02D93FB605A0}"
EndProject
Project("{FAE04EC0-301F-11D3-BF4B-00C04F79EFBC}") = "005_Interface", "005_интерфаце\005_Interface.csproj", "{1936C16C-144C-43A4-8104-9928EABD41DA}"
EndProject
Project("{FAE04EC0-301F-11D3-BF4B-00C04F79EFBC}") = "Indexers", "Indexers\Indexers.csproj", "{92EDF4F2-4B3C-4DC9-B724-E544BAE79223}"
EndProject
Project("{FAE04EC0-301F-11D3-BF4B-00C04F79EFBC}") = "001_Indexers", "001_Indexers\001_Indexers.csproj", "{CB708CAE-D0C5-4FDC-93C4-E5C6827D4285}"
EndProject
Project("{FAE04EC0-301F-11D3-BF4B-00C04F79EFBC}") = "002_Indexers", "002_Indexers\002_Indexers.csproj", "{EFBF1E23-9EF3-49FE-876D-84E6D1FEC5A1}"
EndProject
Project("{FAE04EC0-301F-11D3-BF4B-00C04F79EFBC}") = "001_Static", "001_Static\001_Static.csproj", "{AAA407C6-DF80-4850-8796-4F6E9E60C59D}"
EndProject
Project("{FAE04EC0-301F-11D3-BF4B-00C04F79EFBC}") = "002_Static", "002_Static\002_Static.csproj", "{D9C43CCA-1A2F-4684-98FC-7C35F71251A0}"
EndProject
Project("{FAE04EC0-301F-11D3-BF4B-00C04F79EFBC}") = "003_Static", "003_Static\003_Static.csproj", "{53B66264-7979-4DDC-992A-4F4174184467}"
EndProject
Project("{FAE04EC0-301F-11D3-BF4B-00C04F79EFBC}") = "004_Static", "004_Static\004_Static.csproj", "{EDF96E05-1D5D-480D-AC94-DF2FE2C1B1A4}"
EndProject
Project("{FAE04EC0-301F-11D3-BF4B-00C04F79EFBC}") = "005_Static", "005_Static\005_Static.csproj", "{2E3E94B4-D1A0-4F26-B1EB-57763CC5D7F8}"
EndProject
Project("{FAE04EC0-301F-11D3-BF4B-00C04F79EFBC}") = "Singlton", "ConsoleApp1\Singlton.csproj", "{A3F33EB0-78DD-4929-B34E-FC9187827B69}"
EndProject
Project("{FAE04EC0-301F-11D3-BF4B-00C04F79EFBC}") = "ExentionMethods", "ExentionMethods\ExentionMethods.csproj", "{48E26A43-1F0E-4A42-8C89-B8CE1DDD3C47}"
EndProject
Project("{FAE04EC0-301F-11D3-BF4B-00C04F79EFBC}") = "Deligation", "Deligation\Deligation.csproj", "{CCCD9938-817B-41DA-AB82-607B2B9E9F18}"
EndProject
Project("{FAE04EC0-301F-11D3-BF4B-00C04F79EFBC}") = "Boxing", "Boxing\Boxing.csproj", "{C7AEA958-FCF5-43AF-9115-0BA19BD60F9A}"
EndProject
Project("{FAE04EC0-301F-11D3-BF4B-00C04F79EFBC}") = "ArrayCovariant", "ArrayCovariant\ArrayCovariant.csproj", "{A42538BF-6C82-467C-BFCF-D41490F61682}"
EndProject
Project("{FAE04EC0-301F-11D3-BF4B-00C04F79EFBC}") = "DataTime_AND_Enum", "DataTime\DataTime_AND_Enum.csproj", "{859E2183-B501-4D22-9D60-A3B958F31F6E}"
EndProject
Project("{FAE04EC0-301F-11D3-BF4B-00C04F79EFBC}") = "DELEGATE", "DELEGATE\DELEGATE.csproj", "{426E06F4-9CBB-4AA1-BD4F-36162DE6BCC8}"
EndProject
Project("{FAE04EC0-301F-11D3-BF4B-00C04F79EFBC}") = "001_Delegate", "001_Delegate\001_Delegate.csproj", "{C253CA9C-AA0E-4199-8CB2-78CDAEAC1063}"
EndProject
Project("{FAE04EC0-301F-11D3-BF4B-00C04F79EFBC}") = "002_Delegate", "002_Delegate\002_Delegate.csproj", "{0E7E2417-0003-4713-BECE-A0BDD18BA973}"
EndProject
Project("{FAE04EC0-301F-11D3-BF4B-00C04F79EFBC}") = "003_Delegate", "003_Delegate\003_Delegate.csproj", "{D03823D7-E815-4EDD-B43A-B03370346DD0}"
EndProject
Project("{FAE04EC0-301F-11D3-BF4B-00C04F79EFBC}") = "004_Delegate", "004_Delegate\004_Delegate.csproj", "{E6B7FDF1-DF06-42E9-9715-B4456730738C}"
EndProject
Project("{FAE04EC0-301F-11D3-BF4B-00C04F79EFBC}") = "005_Delegate", "005_Delegate\005_Delegate.csproj", "{9E840978-71CA-4397-A405-31467A3A8E3F}"
EndProject
Global
	GlobalSection(SolutionConfigurationPlatforms) = preSolution
		Debug|Any CPU = Debug|Any CPU
		Release|Any CPU = Release|Any CPU
	EndGlobalSection
	GlobalSection(ProjectConfigurationPlatforms) = postSolution
		{090A4678-DB24-452E-BAA9-AC4EB51FC083}.Debug|Any CPU.ActiveCfg = Debug|Any CPU
		{090A4678-DB24-452E-BAA9-AC4EB51FC083}.Debug|Any CPU.Build.0 = Debug|Any CPU
		{090A4678-DB24-452E-BAA9-AC4EB51FC083}.Release|Any CPU.ActiveCfg = Release|Any CPU
		{090A4678-DB24-452E-BAA9-AC4EB51FC083}.Release|Any CPU.Build.0 = Release|Any CPU
		{E9AA704F-75D5-48B8-91BB-4FA732A15230}.Debug|Any CPU.ActiveCfg = Debug|Any CPU
		{E9AA704F-75D5-48B8-91BB-4FA732A15230}.Debug|Any CPU.Build.0 = Debug|Any CPU
		{E9AA704F-75D5-48B8-91BB-4FA732A15230}.Release|Any CPU.ActiveCfg = Release|Any CPU
		{E9AA704F-75D5-48B8-91BB-4FA732A15230}.Release|Any CPU.Build.0 = Release|Any CPU
		{22400160-31A7-4F85-BD39-95A951684BB4}.Debug|Any CPU.ActiveCfg = Debug|Any CPU
		{22400160-31A7-4F85-BD39-95A951684BB4}.Debug|Any CPU.Build.0 = Debug|Any CPU
		{22400160-31A7-4F85-BD39-95A951684BB4}.Release|Any CPU.ActiveCfg = Release|Any CPU
		{22400160-31A7-4F85-BD39-95A951684BB4}.Release|Any CPU.Build.0 = Release|Any CPU
		{1DF0C8AC-22C5-4C2B-9658-121B04A32AB9}.Debug|Any CPU.ActiveCfg = Debug|Any CPU
		{1DF0C8AC-22C5-4C2B-9658-121B04A32AB9}.Debug|Any CPU.Build.0 = Debug|Any CPU
		{1DF0C8AC-22C5-4C2B-9658-121B04A32AB9}.Release|Any CPU.ActiveCfg = Release|Any CPU
		{1DF0C8AC-22C5-4C2B-9658-121B04A32AB9}.Release|Any CPU.Build.0 = Release|Any CPU
		{4D1609EB-3BDE-4F6D-93E2-180937B882FD}.Debug|Any CPU.ActiveCfg = Debug|Any CPU
		{4D1609EB-3BDE-4F6D-93E2-180937B882FD}.Debug|Any CPU.Build.0 = Debug|Any CPU
		{4D1609EB-3BDE-4F6D-93E2-180937B882FD}.Release|Any CPU.ActiveCfg = Release|Any CPU
		{4D1609EB-3BDE-4F6D-93E2-180937B882FD}.Release|Any CPU.Build.0 = Release|Any CPU
		{38F71952-1876-4E73-B6C2-F4EDF2F633C0}.Debug|Any CPU.ActiveCfg = Debug|Any CPU
		{38F71952-1876-4E73-B6C2-F4EDF2F633C0}.Debug|Any CPU.Build.0 = Debug|Any CPU
		{38F71952-1876-4E73-B6C2-F4EDF2F633C0}.Release|Any CPU.ActiveCfg = Release|Any CPU
		{38F71952-1876-4E73-B6C2-F4EDF2F633C0}.Release|Any CPU.Build.0 = Release|Any CPU
		{AA55147B-3EC7-4036-8DED-72DF8CB3DE54}.Debug|Any CPU.ActiveCfg = Debug|Any CPU
		{AA55147B-3EC7-4036-8DED-72DF8CB3DE54}.Debug|Any CPU.Build.0 = Debug|Any CPU
		{AA55147B-3EC7-4036-8DED-72DF8CB3DE54}.Release|Any CPU.ActiveCfg = Release|Any CPU
		{AA55147B-3EC7-4036-8DED-72DF8CB3DE54}.Release|Any CPU.Build.0 = Release|Any CPU
		{F8277CF4-22A9-483A-A6D0-02D93FB605A0}.Debug|Any CPU.ActiveCfg = Debug|Any CPU
		{F8277CF4-22A9-483A-A6D0-02D93FB605A0}.Debug|Any CPU.Build.0 = Debug|Any CPU
		{F8277CF4-22A9-483A-A6D0-02D93FB605A0}.Release|Any CPU.ActiveCfg = Release|Any CPU
		{F8277CF4-22A9-483A-A6D0-02D93FB605A0}.Release|Any CPU.Build.0 = Release|Any CPU
		{1936C16C-144C-43A4-8104-9928EABD41DA}.Debug|Any CPU.ActiveCfg = Debug|Any CPU
		{1936C16C-144C-43A4-8104-9928EABD41DA}.Debug|Any CPU.Build.0 = Debug|Any CPU
		{1936C16C-144C-43A4-8104-9928EABD41DA}.Release|Any CPU.ActiveCfg = Release|Any CPU
		{1936C16C-144C-43A4-8104-9928EABD41DA}.Release|Any CPU.Build.0 = Release|Any CPU
		{92EDF4F2-4B3C-4DC9-B724-E544BAE79223}.Debug|Any CPU.ActiveCfg = Debug|Any CPU
		{92EDF4F2-4B3C-4DC9-B724-E544BAE79223}.Debug|Any CPU.Build.0 = Debug|Any CPU
		{92EDF4F2-4B3C-4DC9-B724-E544BAE79223}.Release|Any CPU.ActiveCfg = Release|Any CPU
		{92EDF4F2-4B3C-4DC9-B724-E544BAE79223}.Release|Any CPU.Build.0 = Release|Any CPU
		{CB708CAE-D0C5-4FDC-93C4-E5C6827D4285}.Debug|Any CPU.ActiveCfg = Debug|Any CPU
		{CB708CAE-D0C5-4FDC-93C4-E5C6827D4285}.Debug|Any CPU.Build.0 = Debug|Any CPU
		{CB708CAE-D0C5-4FDC-93C4-E5C6827D4285}.Release|Any CPU.ActiveCfg = Release|Any CPU
		{CB708CAE-D0C5-4FDC-93C4-E5C6827D4285}.Release|Any CPU.Build.0 = Release|Any CPU
		{EFBF1E23-9EF3-49FE-876D-84E6D1FEC5A1}.Debug|Any CPU.ActiveCfg = Debug|Any CPU
		{EFBF1E23-9EF3-49FE-876D-84E6D1FEC5A1}.Debug|Any CPU.Build.0 = Debug|Any CPU
		{EFBF1E23-9EF3-49FE-876D-84E6D1FEC5A1}.Release|Any CPU.ActiveCfg = Release|Any CPU
		{EFBF1E23-9EF3-49FE-876D-84E6D1FEC5A1}.Release|Any CPU.Build.0 = Release|Any CPU
		{AAA407C6-DF80-4850-8796-4F6E9E60C59D}.Debug|Any CPU.ActiveCfg = Debug|Any CPU
		{AAA407C6-DF80-4850-8796-4F6E9E60C59D}.Debug|Any CPU.Build.0 = Debug|Any CPU
		{AAA407C6-DF80-4850-8796-4F6E9E60C59D}.Release|Any CPU.ActiveCfg = Release|Any CPU
		{AAA407C6-DF80-4850-8796-4F6E9E60C59D}.Release|Any CPU.Build.0 = Release|Any CPU
		{D9C43CCA-1A2F-4684-98FC-7C35F71251A0}.Debug|Any CPU.ActiveCfg = Debug|Any CPU
		{D9C43CCA-1A2F-4684-98FC-7C35F71251A0}.Debug|Any CPU.Build.0 = Debug|Any CPU
		{D9C43CCA-1A2F-4684-98FC-7C35F71251A0}.Release|Any CPU.ActiveCfg = Release|Any CPU
		{D9C43CCA-1A2F-4684-98FC-7C35F71251A0}.Release|Any CPU.Build.0 = Release|Any CPU
		{53B66264-7979-4DDC-992A-4F4174184467}.Debug|Any CPU.ActiveCfg = Debug|Any CPU
		{53B66264-7979-4DDC-992A-4F4174184467}.Debug|Any CPU.Build.0 = Debug|Any CPU
		{53B66264-7979-4DDC-992A-4F4174184467}.Release|Any CPU.ActiveCfg = Release|Any CPU
		{53B66264-7979-4DDC-992A-4F4174184467}.Release|Any CPU.Build.0 = Release|Any CPU
		{EDF96E05-1D5D-480D-AC94-DF2FE2C1B1A4}.Debug|Any CPU.ActiveCfg = Debug|Any CPU
		{EDF96E05-1D5D-480D-AC94-DF2FE2C1B1A4}.Debug|Any CPU.Build.0 = Debug|Any CPU
		{EDF96E05-1D5D-480D-AC94-DF2FE2C1B1A4}.Release|Any CPU.ActiveCfg = Release|Any CPU
		{EDF96E05-1D5D-480D-AC94-DF2FE2C1B1A4}.Release|Any CPU.Build.0 = Release|Any CPU
		{2E3E94B4-D1A0-4F26-B1EB-57763CC5D7F8}.Debug|Any CPU.ActiveCfg = Debug|Any CPU
		{2E3E94B4-D1A0-4F26-B1EB-57763CC5D7F8}.Debug|Any CPU.Build.0 = Debug|Any CPU
		{2E3E94B4-D1A0-4F26-B1EB-57763CC5D7F8}.Release|Any CPU.ActiveCfg = Release|Any CPU
		{2E3E94B4-D1A0-4F26-B1EB-57763CC5D7F8}.Release|Any CPU.Build.0 = Release|Any CPU
		{A3F33EB0-78DD-4929-B34E-FC9187827B69}.Debug|Any CPU.ActiveCfg = Debug|Any CPU
		{A3F33EB0-78DD-4929-B34E-FC9187827B69}.Debug|Any CPU.Build.0 = Debug|Any CPU
		{A3F33EB0-78DD-4929-B34E-FC9187827B69}.Release|Any CPU.ActiveCfg = Release|Any CPU
		{A3F33EB0-78DD-4929-B34E-FC9187827B69}.Release|Any CPU.Build.0 = Release|Any CPU
		{48E26A43-1F0E-4A42-8C89-B8CE1DDD3C47}.Debug|Any CPU.ActiveCfg = Debug|Any CPU
		{48E26A43-1F0E-4A42-8C89-B8CE1DDD3C47}.Debug|Any CPU.Build.0 = Debug|Any CPU
		{48E26A43-1F0E-4A42-8C89-B8CE1DDD3C47}.Release|Any CPU.ActiveCfg = Release|Any CPU
		{48E26A43-1F0E-4A42-8C89-B8CE1DDD3C47}.Release|Any CPU.Build.0 = Release|Any CPU
		{CCCD9938-817B-41DA-AB82-607B2B9E9F18}.Debug|Any CPU.ActiveCfg = Debug|Any CPU
		{CCCD9938-817B-41DA-AB82-607B2B9E9F18}.Debug|Any CPU.Build.0 = Debug|Any CPU
		{CCCD9938-817B-41DA-AB82-607B2B9E9F18}.Release|Any CPU.ActiveCfg = Release|Any CPU
		{CCCD9938-817B-41DA-AB82-607B2B9E9F18}.Release|Any CPU.Build.0 = Release|Any CPU
		{C7AEA958-FCF5-43AF-9115-0BA19BD60F9A}.Debug|Any CPU.ActiveCfg = Debug|Any CPU
		{C7AEA958-FCF5-43AF-9115-0BA19BD60F9A}.Debug|Any CPU.Build.0 = Debug|Any CPU
		{C7AEA958-FCF5-43AF-9115-0BA19BD60F9A}.Release|Any CPU.ActiveCfg = Release|Any CPU
		{C7AEA958-FCF5-43AF-9115-0BA19BD60F9A}.Release|Any CPU.Build.0 = Release|Any CPU
		{A42538BF-6C82-467C-BFCF-D41490F61682}.Debug|Any CPU.ActiveCfg = Debug|Any CPU
		{A42538BF-6C82-467C-BFCF-D41490F61682}.Debug|Any CPU.Build.0 = Debug|Any CPU
		{A42538BF-6C82-467C-BFCF-D41490F61682}.Release|Any CPU.ActiveCfg = Release|Any CPU
		{A42538BF-6C82-467C-BFCF-D41490F61682}.Release|Any CPU.Build.0 = Release|Any CPU
		{859E2183-B501-4D22-9D60-A3B958F31F6E}.Debug|Any CPU.ActiveCfg = Debug|Any CPU
		{859E2183-B501-4D22-9D60-A3B958F31F6E}.Debug|Any CPU.Build.0 = Debug|Any CPU
		{859E2183-B501-4D22-9D60-A3B958F31F6E}.Release|Any CPU.ActiveCfg = Release|Any CPU
		{859E2183-B501-4D22-9D60-A3B958F31F6E}.Release|Any CPU.Build.0 = Release|Any CPU
		{426E06F4-9CBB-4AA1-BD4F-36162DE6BCC8}.Debug|Any CPU.ActiveCfg = Debug|Any CPU
		{426E06F4-9CBB-4AA1-BD4F-36162DE6BCC8}.Debug|Any CPU.Build.0 = Debug|Any CPU
		{426E06F4-9CBB-4AA1-BD4F-36162DE6BCC8}.Release|Any CPU.ActiveCfg = Release|Any CPU
		{426E06F4-9CBB-4AA1-BD4F-36162DE6BCC8}.Release|Any CPU.Build.0 = Release|Any CPU
		{C253CA9C-AA0E-4199-8CB2-78CDAEAC1063}.Debug|Any CPU.ActiveCfg = Debug|Any CPU
		{C253CA9C-AA0E-4199-8CB2-78CDAEAC1063}.Debug|Any CPU.Build.0 = Debug|Any CPU
		{C253CA9C-AA0E-4199-8CB2-78CDAEAC1063}.Release|Any CPU.ActiveCfg = Release|Any CPU
		{C253CA9C-AA0E-4199-8CB2-78CDAEAC1063}.Release|Any CPU.Build.0 = Release|Any CPU
		{0E7E2417-0003-4713-BECE-A0BDD18BA973}.Debug|Any CPU.ActiveCfg = Debug|Any CPU
		{0E7E2417-0003-4713-BECE-A0BDD18BA973}.Debug|Any CPU.Build.0 = Debug|Any CPU
		{0E7E2417-0003-4713-BECE-A0BDD18BA973}.Release|Any CPU.ActiveCfg = Release|Any CPU
		{0E7E2417-0003-4713-BECE-A0BDD18BA973}.Release|Any CPU.Build.0 = Release|Any CPU
		{D03823D7-E815-4EDD-B43A-B03370346DD0}.Debug|Any CPU.ActiveCfg = Debug|Any CPU
		{D03823D7-E815-4EDD-B43A-B03370346DD0}.Debug|Any CPU.Build.0 = Debug|Any CPU
		{D03823D7-E815-4EDD-B43A-B03370346DD0}.Release|Any CPU.ActiveCfg = Release|Any CPU
		{D03823D7-E815-4EDD-B43A-B03370346DD0}.Release|Any CPU.Build.0 = Release|Any CPU
		{E6B7FDF1-DF06-42E9-9715-B4456730738C}.Debug|Any CPU.ActiveCfg = Debug|Any CPU
		{E6B7FDF1-DF06-42E9-9715-B4456730738C}.Debug|Any CPU.Build.0 = Debug|Any CPU
		{E6B7FDF1-DF06-42E9-9715-B4456730738C}.Release|Any CPU.ActiveCfg = Release|Any CPU
		{E6B7FDF1-DF06-42E9-9715-B4456730738C}.Release|Any CPU.Build.0 = Release|Any CPU
		{9E840978-71CA-4397-A405-31467A3A8E3F}.Debug|Any CPU.ActiveCfg = Debug|Any CPU
		{9E840978-71CA-4397-A405-31467A3A8E3F}.Debug|Any CPU.Build.0 = Debug|Any CPU
		{9E840978-71CA-4397-A405-31467A3A8E3F}.Release|Any CPU.ActiveCfg = Release|Any CPU
		{9E840978-71CA-4397-A405-31467A3A8E3F}.Release|Any CPU.Build.0 = Release|Any CPU
	EndGlobalSection
	GlobalSection(SolutionProperties) = preSolution
		HideSolutionNode = FALSE
	EndGlobalSection
	GlobalSection(ExtensibilityGlobals) = postSolution
		SolutionGuid = {67660F04-E2DF-44A6-ADD7-4BEBC660395E}
	EndGlobalSection
EndGlobal
